
Microsoft Visual Studio Solution File, Format Version 12.00
# Visual Studio 15
VisualStudioVersion = 15.0.26124.0
MinimumVisualStudioVersion = 15.0.26124.0
Project("{2150E333-8FDC-42A3-9474-1A3956D46DE8}") = "src", "src", "{7D53629C-1CCE-4E51-A5F1-8437AA9FB2F9}"
EndProject
Project("{FAE04EC0-301F-11D3-BF4B-00C04F79EFBC}") = "ControlComponents.Core", "src\ControlComponents.Core\ControlComponents.Core.csproj", "{49EB9315-BDB8-4555-80E7-4288CB705A93}"
EndProject
Project("{2150E333-8FDC-42A3-9474-1A3956D46DE8}") = "tests", "tests", "{E8EC18C9-5B35-40F3-8578-BD9D7E1B00DE}"
EndProject
Project("{FAE04EC0-301F-11D3-BF4B-00C04F79EFBC}") = "ControlComponents.Core.Tests", "tests\ControlComponents.Core.Tests\ControlComponents.Core.Tests.csproj", "{B61E7C4B-E20D-4A91-B2A4-0623EDCDE1C0}"
EndProject
Project("{FAE04EC0-301F-11D3-BF4B-00C04F79EFBC}") = "ControlComponents.ML", "src\ControlComponents.ML\ControlComponents.ML.csproj", "{3ABA833E-3A17-443C-8F52-16EEE1A2F23B}"
EndProject
Project("{FAE04EC0-301F-11D3-BF4B-00C04F79EFBC}") = "ControlComponents.ML.Tests", "tests\ControlComponents.ML.Tests\ControlComponents.ML.Tests.csproj", "{2004A8A8-2B05-4A9F-8E82-E3E071FFB721}"
EndProject
Project("{FAE04EC0-301F-11D3-BF4B-00C04F79EFBC}") = "ControlComponents.Protocols.Tests", "tests\ControlComponents.Protocols.Tests\ControlComponents.Protocols.Tests.csproj", "{2495F1B7-6652-48AA-A692-75ED2DCCA767}"
EndProject
Project("{FAE04EC0-301F-11D3-BF4B-00C04F79EFBC}") = "ControlComponents.Protocols", "src\ControlComponents.Protocols\ControlComponents.Protocols.csproj", "{8404CDA8-10D3-4D98-9603-9FB51D12D2E7}"
EndProject
Project("{FAE04EC0-301F-11D3-BF4B-00C04F79EFBC}") = "ControlComponents.Frame", "src\ControlComponents.Frame\ControlComponents.Frame.csproj", "{069B722E-2B58-4B23-B8D2-F1458D7B1645}"
EndProject
Project("{FAE04EC0-301F-11D3-BF4B-00C04F79EFBC}") = "ControlComponents.Frame.Tests", "tests\ControlComponents.Frame.Tests\ControlComponents.Frame.Tests.csproj", "{FB2EE870-1511-4A82-90A0-F4C6C5A41EBB}"
EndProject
Global
	GlobalSection(SolutionConfigurationPlatforms) = preSolution
		Debug|Any CPU = Debug|Any CPU
		Debug|x64 = Debug|x64
		Debug|x86 = Debug|x86
		Release|Any CPU = Release|Any CPU
		Release|x64 = Release|x64
		Release|x86 = Release|x86
	EndGlobalSection
	GlobalSection(SolutionProperties) = preSolution
		HideSolutionNode = FALSE
	EndGlobalSection
	GlobalSection(ProjectConfigurationPlatforms) = postSolution
		{49EB9315-BDB8-4555-80E7-4288CB705A93}.Debug|Any CPU.ActiveCfg = Debug|Any CPU
		{49EB9315-BDB8-4555-80E7-4288CB705A93}.Debug|Any CPU.Build.0 = Debug|Any CPU
		{49EB9315-BDB8-4555-80E7-4288CB705A93}.Debug|x64.ActiveCfg = Debug|Any CPU
		{49EB9315-BDB8-4555-80E7-4288CB705A93}.Debug|x64.Build.0 = Debug|Any CPU
		{49EB9315-BDB8-4555-80E7-4288CB705A93}.Debug|x86.ActiveCfg = Debug|Any CPU
		{49EB9315-BDB8-4555-80E7-4288CB705A93}.Debug|x86.Build.0 = Debug|Any CPU
		{49EB9315-BDB8-4555-80E7-4288CB705A93}.Release|Any CPU.ActiveCfg = Release|Any CPU
		{49EB9315-BDB8-4555-80E7-4288CB705A93}.Release|Any CPU.Build.0 = Release|Any CPU
		{49EB9315-BDB8-4555-80E7-4288CB705A93}.Release|x64.ActiveCfg = Release|Any CPU
		{49EB9315-BDB8-4555-80E7-4288CB705A93}.Release|x64.Build.0 = Release|Any CPU
		{49EB9315-BDB8-4555-80E7-4288CB705A93}.Release|x86.ActiveCfg = Release|Any CPU
		{49EB9315-BDB8-4555-80E7-4288CB705A93}.Release|x86.Build.0 = Release|Any CPU
		{B61E7C4B-E20D-4A91-B2A4-0623EDCDE1C0}.Debug|Any CPU.ActiveCfg = Debug|Any CPU
		{B61E7C4B-E20D-4A91-B2A4-0623EDCDE1C0}.Debug|Any CPU.Build.0 = Debug|Any CPU
		{B61E7C4B-E20D-4A91-B2A4-0623EDCDE1C0}.Debug|x64.ActiveCfg = Debug|Any CPU
		{B61E7C4B-E20D-4A91-B2A4-0623EDCDE1C0}.Debug|x64.Build.0 = Debug|Any CPU
		{B61E7C4B-E20D-4A91-B2A4-0623EDCDE1C0}.Debug|x86.ActiveCfg = Debug|Any CPU
		{B61E7C4B-E20D-4A91-B2A4-0623EDCDE1C0}.Debug|x86.Build.0 = Debug|Any CPU
		{B61E7C4B-E20D-4A91-B2A4-0623EDCDE1C0}.Release|Any CPU.ActiveCfg = Release|Any CPU
		{B61E7C4B-E20D-4A91-B2A4-0623EDCDE1C0}.Release|Any CPU.Build.0 = Release|Any CPU
		{B61E7C4B-E20D-4A91-B2A4-0623EDCDE1C0}.Release|x64.ActiveCfg = Release|Any CPU
		{B61E7C4B-E20D-4A91-B2A4-0623EDCDE1C0}.Release|x64.Build.0 = Release|Any CPU
		{B61E7C4B-E20D-4A91-B2A4-0623EDCDE1C0}.Release|x86.ActiveCfg = Release|Any CPU
		{B61E7C4B-E20D-4A91-B2A4-0623EDCDE1C0}.Release|x86.Build.0 = Release|Any CPU
		{3ABA833E-3A17-443C-8F52-16EEE1A2F23B}.Debug|Any CPU.ActiveCfg = Debug|Any CPU
		{3ABA833E-3A17-443C-8F52-16EEE1A2F23B}.Debug|Any CPU.Build.0 = Debug|Any CPU
		{3ABA833E-3A17-443C-8F52-16EEE1A2F23B}.Debug|x64.ActiveCfg = Debug|Any CPU
		{3ABA833E-3A17-443C-8F52-16EEE1A2F23B}.Debug|x64.Build.0 = Debug|Any CPU
		{3ABA833E-3A17-443C-8F52-16EEE1A2F23B}.Debug|x86.ActiveCfg = Debug|Any CPU
		{3ABA833E-3A17-443C-8F52-16EEE1A2F23B}.Debug|x86.Build.0 = Debug|Any CPU
		{3ABA833E-3A17-443C-8F52-16EEE1A2F23B}.Release|Any CPU.ActiveCfg = Release|Any CPU
		{3ABA833E-3A17-443C-8F52-16EEE1A2F23B}.Release|Any CPU.Build.0 = Release|Any CPU
		{3ABA833E-3A17-443C-8F52-16EEE1A2F23B}.Release|x64.ActiveCfg = Release|Any CPU
		{3ABA833E-3A17-443C-8F52-16EEE1A2F23B}.Release|x64.Build.0 = Release|Any CPU
		{3ABA833E-3A17-443C-8F52-16EEE1A2F23B}.Release|x86.ActiveCfg = Release|Any CPU
		{3ABA833E-3A17-443C-8F52-16EEE1A2F23B}.Release|x86.Build.0 = Release|Any CPU
		{2004A8A8-2B05-4A9F-8E82-E3E071FFB721}.Debug|Any CPU.ActiveCfg = Debug|Any CPU
		{2004A8A8-2B05-4A9F-8E82-E3E071FFB721}.Debug|Any CPU.Build.0 = Debug|Any CPU
		{2004A8A8-2B05-4A9F-8E82-E3E071FFB721}.Debug|x64.ActiveCfg = Debug|Any CPU
		{2004A8A8-2B05-4A9F-8E82-E3E071FFB721}.Debug|x64.Build.0 = Debug|Any CPU
		{2004A8A8-2B05-4A9F-8E82-E3E071FFB721}.Debug|x86.ActiveCfg = Debug|Any CPU
		{2004A8A8-2B05-4A9F-8E82-E3E071FFB721}.Debug|x86.Build.0 = Debug|Any CPU
		{2004A8A8-2B05-4A9F-8E82-E3E071FFB721}.Release|Any CPU.ActiveCfg = Release|Any CPU
		{2004A8A8-2B05-4A9F-8E82-E3E071FFB721}.Release|Any CPU.Build.0 = Release|Any CPU
		{2004A8A8-2B05-4A9F-8E82-E3E071FFB721}.Release|x64.ActiveCfg = Release|Any CPU
		{2004A8A8-2B05-4A9F-8E82-E3E071FFB721}.Release|x64.Build.0 = Release|Any CPU
		{2004A8A8-2B05-4A9F-8E82-E3E071FFB721}.Release|x86.ActiveCfg = Release|Any CPU
		{2004A8A8-2B05-4A9F-8E82-E3E071FFB721}.Release|x86.Build.0 = Release|Any CPU
		{2495F1B7-6652-48AA-A692-75ED2DCCA767}.Debug|Any CPU.ActiveCfg = Debug|Any CPU
		{2495F1B7-6652-48AA-A692-75ED2DCCA767}.Debug|Any CPU.Build.0 = Debug|Any CPU
		{2495F1B7-6652-48AA-A692-75ED2DCCA767}.Debug|x64.ActiveCfg = Debug|Any CPU
		{2495F1B7-6652-48AA-A692-75ED2DCCA767}.Debug|x64.Build.0 = Debug|Any CPU
		{2495F1B7-6652-48AA-A692-75ED2DCCA767}.Debug|x86.ActiveCfg = Debug|Any CPU
		{2495F1B7-6652-48AA-A692-75ED2DCCA767}.Debug|x86.Build.0 = Debug|Any CPU
		{2495F1B7-6652-48AA-A692-75ED2DCCA767}.Release|Any CPU.ActiveCfg = Release|Any CPU
		{2495F1B7-6652-48AA-A692-75ED2DCCA767}.Release|Any CPU.Build.0 = Release|Any CPU
		{2495F1B7-6652-48AA-A692-75ED2DCCA767}.Release|x64.ActiveCfg = Release|Any CPU
		{2495F1B7-6652-48AA-A692-75ED2DCCA767}.Release|x64.Build.0 = Release|Any CPU
		{2495F1B7-6652-48AA-A692-75ED2DCCA767}.Release|x86.ActiveCfg = Release|Any CPU
		{2495F1B7-6652-48AA-A692-75ED2DCCA767}.Release|x86.Build.0 = Release|Any CPU
		{8404CDA8-10D3-4D98-9603-9FB51D12D2E7}.Debug|Any CPU.ActiveCfg = Debug|Any CPU
		{8404CDA8-10D3-4D98-9603-9FB51D12D2E7}.Debug|Any CPU.Build.0 = Debug|Any CPU
		{8404CDA8-10D3-4D98-9603-9FB51D12D2E7}.Debug|x64.ActiveCfg = Debug|Any CPU
		{8404CDA8-10D3-4D98-9603-9FB51D12D2E7}.Debug|x64.Build.0 = Debug|Any CPU
		{8404CDA8-10D3-4D98-9603-9FB51D12D2E7}.Debug|x86.ActiveCfg = Debug|Any CPU
		{8404CDA8-10D3-4D98-9603-9FB51D12D2E7}.Debug|x86.Build.0 = Debug|Any CPU
		{8404CDA8-10D3-4D98-9603-9FB51D12D2E7}.Release|Any CPU.ActiveCfg = Release|Any CPU
		{8404CDA8-10D3-4D98-9603-9FB51D12D2E7}.Release|Any CPU.Build.0 = Release|Any CPU
		{8404CDA8-10D3-4D98-9603-9FB51D12D2E7}.Release|x64.ActiveCfg = Release|Any CPU
		{8404CDA8-10D3-4D98-9603-9FB51D12D2E7}.Release|x64.Build.0 = Release|Any CPU
		{8404CDA8-10D3-4D98-9603-9FB51D12D2E7}.Release|x86.ActiveCfg = Release|Any CPU
		{8404CDA8-10D3-4D98-9603-9FB51D12D2E7}.Release|x86.Build.0 = Release|Any CPU
		{069B722E-2B58-4B23-B8D2-F1458D7B1645}.Debug|Any CPU.ActiveCfg = Debug|Any CPU
		{069B722E-2B58-4B23-B8D2-F1458D7B1645}.Debug|Any CPU.Build.0 = Debug|Any CPU
		{069B722E-2B58-4B23-B8D2-F1458D7B1645}.Debug|x64.ActiveCfg = Debug|Any CPU
		{069B722E-2B58-4B23-B8D2-F1458D7B1645}.Debug|x64.Build.0 = Debug|Any CPU
		{069B722E-2B58-4B23-B8D2-F1458D7B1645}.Debug|x86.ActiveCfg = Debug|Any CPU
		{069B722E-2B58-4B23-B8D2-F1458D7B1645}.Debug|x86.Build.0 = Debug|Any CPU
		{069B722E-2B58-4B23-B8D2-F1458D7B1645}.Release|Any CPU.ActiveCfg = Release|Any CPU
		{069B722E-2B58-4B23-B8D2-F1458D7B1645}.Release|Any CPU.Build.0 = Release|Any CPU
		{069B722E-2B58-4B23-B8D2-F1458D7B1645}.Release|x64.ActiveCfg = Release|Any CPU
		{069B722E-2B58-4B23-B8D2-F1458D7B1645}.Release|x64.Build.0 = Release|Any CPU
		{069B722E-2B58-4B23-B8D2-F1458D7B1645}.Release|x86.ActiveCfg = Release|Any CPU
		{069B722E-2B58-4B23-B8D2-F1458D7B1645}.Release|x86.Build.0 = Release|Any CPU
		{FB2EE870-1511-4A82-90A0-F4C6C5A41EBB}.Debug|Any CPU.ActiveCfg = Debug|Any CPU
		{FB2EE870-1511-4A82-90A0-F4C6C5A41EBB}.Debug|Any CPU.Build.0 = Debug|Any CPU
		{FB2EE870-1511-4A82-90A0-F4C6C5A41EBB}.Debug|x64.ActiveCfg = Debug|Any CPU
		{FB2EE870-1511-4A82-90A0-F4C6C5A41EBB}.Debug|x64.Build.0 = Debug|Any CPU
		{FB2EE870-1511-4A82-90A0-F4C6C5A41EBB}.Debug|x86.ActiveCfg = Debug|Any CPU
		{FB2EE870-1511-4A82-90A0-F4C6C5A41EBB}.Debug|x86.Build.0 = Debug|Any CPU
		{FB2EE870-1511-4A82-90A0-F4C6C5A41EBB}.Release|Any CPU.ActiveCfg = Release|Any CPU
		{FB2EE870-1511-4A82-90A0-F4C6C5A41EBB}.Release|Any CPU.Build.0 = Release|Any CPU
		{FB2EE870-1511-4A82-90A0-F4C6C5A41EBB}.Release|x64.ActiveCfg = Release|Any CPU
		{FB2EE870-1511-4A82-90A0-F4C6C5A41EBB}.Release|x64.Build.0 = Release|Any CPU
		{FB2EE870-1511-4A82-90A0-F4C6C5A41EBB}.Release|x86.ActiveCfg = Release|Any CPU
		{FB2EE870-1511-4A82-90A0-F4C6C5A41EBB}.Release|x86.Build.0 = Release|Any CPU
	EndGlobalSection
	GlobalSection(NestedProjects) = preSolution
		{49EB9315-BDB8-4555-80E7-4288CB705A93} = {7D53629C-1CCE-4E51-A5F1-8437AA9FB2F9}
		{B61E7C4B-E20D-4A91-B2A4-0623EDCDE1C0} = {E8EC18C9-5B35-40F3-8578-BD9D7E1B00DE}
		{3ABA833E-3A17-443C-8F52-16EEE1A2F23B} = {7D53629C-1CCE-4E51-A5F1-8437AA9FB2F9}
		{2004A8A8-2B05-4A9F-8E82-E3E071FFB721} = {E8EC18C9-5B35-40F3-8578-BD9D7E1B00DE}
		{2495F1B7-6652-48AA-A692-75ED2DCCA767} = {E8EC18C9-5B35-40F3-8578-BD9D7E1B00DE}
		{8404CDA8-10D3-4D98-9603-9FB51D12D2E7} = {7D53629C-1CCE-4E51-A5F1-8437AA9FB2F9}
		{069B722E-2B58-4B23-B8D2-F1458D7B1645} = {7D53629C-1CCE-4E51-A5F1-8437AA9FB2F9}
		{FB2EE870-1511-4A82-90A0-F4C6C5A41EBB} = {E8EC18C9-5B35-40F3-8578-BD9D7E1B00DE}
	EndGlobalSection
EndGlobal
